
Microsoft Visual Studio Solution File, Format Version 12.00
# Visual Studio Version 17
VisualStudioVersion = 17.4.33213.308
MinimumVisualStudioVersion = 10.0.40219.1
Project("{FAE04EC0-301F-11D3-BF4B-00C04F79EFBC}") = "Knowledge Check 2", "Knowledge Check 2.csproj", "{98C3820E-1DE6-44DF-8733-CA1DBF327CF8}"
EndProject
Global
	GlobalSection(SolutionConfigurationPlatforms) = preSolution
		Debug|Any CPU = Debug|Any CPU
		Release|Any CPU = Release|Any CPU
	EndGlobalSection
	GlobalSection(ProjectConfigurationPlatforms) = postSolution
		{98C3820E-1DE6-44DF-8733-CA1DBF327CF8}.Debug|Any CPU.ActiveCfg = Debug|Any CPU
		{98C3820E-1DE6-44DF-8733-CA1DBF327CF8}.Debug|Any CPU.Build.0 = Debug|Any CPU
		{98C3820E-1DE6-44DF-8733-CA1DBF327CF8}.Release|Any CPU.ActiveCfg = Release|Any CPU
		{98C3820E-1DE6-44DF-8733-CA1DBF327CF8}.Release|Any CPU.Build.0 = Release|Any CPU
	EndGlobalSection
	GlobalSection(SolutionProperties) = preSolution
		HideSolutionNode = FALSE
	EndGlobalSection
	GlobalSection(ExtensibilityGlobals) = postSolution
		SolutionGuid = {FCBDB4BC-2CD7-422A-8928-288018831A51}
	EndGlobalSection
EndGlobal
